
Microsoft Visual Studio Solution File, Format Version 12.00
# Visual Studio Version 17
VisualStudioVersion = 17.11.35222.181
MinimumVisualStudioVersion = 10.0.40219.1
Project("{FAE04EC0-301F-11D3-BF4B-00C04F79EFBC}") = "Petfolio.API", "Petfolio.Api\Petfolio.API.csproj", "{9C414695-262F-4978-9B54-CC14F4942B3F}"
EndProject
Project("{FAE04EC0-301F-11D3-BF4B-00C04F79EFBC}") = "Petfolio.Communication", "Petfolio.Communication\Petfolio.Communication.csproj", "{A8136119-612B-473E-9864-5F442DCC093C}"
EndProject
Project("{FAE04EC0-301F-11D3-BF4B-00C04F79EFBC}") = "Petfolio.Application", "Petfolio.Application\Petfolio.Application.csproj", "{80C947FE-1836-42A4-9A60-C1DC589C103A}"
EndProject
Global
	GlobalSection(SolutionConfigurationPlatforms) = preSolution
		Debug|Any CPU = Debug|Any CPU
		Release|Any CPU = Release|Any CPU
	EndGlobalSection
	GlobalSection(ProjectConfigurationPlatforms) = postSolution
		{9C414695-262F-4978-9B54-CC14F4942B3F}.Debug|Any CPU.ActiveCfg = Debug|Any CPU
		{9C414695-262F-4978-9B54-CC14F4942B3F}.Debug|Any CPU.Build.0 = Debug|Any CPU
		{9C414695-262F-4978-9B54-CC14F4942B3F}.Release|Any CPU.ActiveCfg = Release|Any CPU
		{9C414695-262F-4978-9B54-CC14F4942B3F}.Release|Any CPU.Build.0 = Release|Any CPU
		{A8136119-612B-473E-9864-5F442DCC093C}.Debug|Any CPU.ActiveCfg = Debug|Any CPU
		{A8136119-612B-473E-9864-5F442DCC093C}.Debug|Any CPU.Build.0 = Debug|Any CPU
		{A8136119-612B-473E-9864-5F442DCC093C}.Release|Any CPU.ActiveCfg = Release|Any CPU
		{A8136119-612B-473E-9864-5F442DCC093C}.Release|Any CPU.Build.0 = Release|Any CPU
		{80C947FE-1836-42A4-9A60-C1DC589C103A}.Debug|Any CPU.ActiveCfg = Debug|Any CPU
		{80C947FE-1836-42A4-9A60-C1DC589C103A}.Debug|Any CPU.Build.0 = Debug|Any CPU
		{80C947FE-1836-42A4-9A60-C1DC589C103A}.Release|Any CPU.ActiveCfg = Release|Any CPU
		{80C947FE-1836-42A4-9A60-C1DC589C103A}.Release|Any CPU.Build.0 = Release|Any CPU
	EndGlobalSection
	GlobalSection(SolutionProperties) = preSolution
		HideSolutionNode = FALSE
	EndGlobalSection
	GlobalSection(ExtensibilityGlobals) = postSolution
		SolutionGuid = {A8BD01E7-DA6C-4DC6-96B7-137488860E90}
	EndGlobalSection
EndGlobal
